
Microsoft Visual Studio Solution File, Format Version 12.00
# Visual Studio Version 16
VisualStudioVersion = 16.0.31112.23
MinimumVisualStudioVersion = 10.0.40219.1
Project("{FAE04EC0-301F-11D3-BF4B-00C04F79EFBC}") = "TasarimProje", "TasarimProje\TasarimProje.csproj", "{D8C4919E-FCC2-49B5-9D95-7B797B9B1803}"
EndProject
Global
	GlobalSection(SolutionConfigurationPlatforms) = preSolution
		Debug|Any CPU = Debug|Any CPU
		Release|Any CPU = Release|Any CPU
	EndGlobalSection
	GlobalSection(ProjectConfigurationPlatforms) = postSolution
		{D8C4919E-FCC2-49B5-9D95-7B797B9B1803}.Debug|Any CPU.ActiveCfg = Debug|Any CPU
		{D8C4919E-FCC2-49B5-9D95-7B797B9B1803}.Debug|Any CPU.Build.0 = Debug|Any CPU
		{D8C4919E-FCC2-49B5-9D95-7B797B9B1803}.Release|Any CPU.ActiveCfg = Release|Any CPU
		{D8C4919E-FCC2-49B5-9D95-7B797B9B1803}.Release|Any CPU.Build.0 = Release|Any CPU
	EndGlobalSection
	GlobalSection(SolutionProperties) = preSolution
		HideSolutionNode = FALSE
	EndGlobalSection
	GlobalSection(ExtensibilityGlobals) = postSolution
		SolutionGuid = {70D67DEB-913B-4CA7-AEC6-3FDD45C896D8}
	EndGlobalSection
	GlobalSection(TeamFoundationVersionControl) = preSolution
		SccNumberOfProjects = 2
		SccEnterpriseProvider = {4CA58AB2-18FA-4F8D-95D4-32DDF27D184C}
		SccTeamFoundationServer = https://dev.azure.com/fatmagurel06
		SccLocalPath0 = .
		SccProjectUniqueName1 = TasarimProje\\TasarimProje.csproj
		SccProjectName1 = TasarimProje
		SccLocalPath1 = TasarimProje
	EndGlobalSection
EndGlobal
